// !$*UTF8*$!
{
	archiveVersion = 1;
	classes = {
	};
	objectVersion = 46;
	objects = {

/* Begin PBXBuildFile section */
		2F1352CB1C2736780044435C /* ViewGroupController.m in Sources */ = {isa = PBXBuildFile; fileRef = 2F1352CA1C2736780044435C /* ViewGroupController.m */; };
		2F1352D11C2736A20044435C /* CustomCellTableViewCell.m in Sources */ = {isa = PBXBuildFile; fileRef = 2F1352CF1C2736A20044435C /* CustomCellTableViewCell.m */; };
		2F1352D21C2736A20044435C /* CustomCellTableViewCell.xib in Resources */ = {isa = PBXBuildFile; fileRef = 2F1352D01C2736A20044435C /* CustomCellTableViewCell.xib */; };
		560836051C20376000D6E017 /* main.m in Sources */ = {isa = PBXBuildFile; fileRef = 560836041C20376000D6E017 /* main.m */; };
		560836081C20376000D6E017 /* AppDelegate.m in Sources */ = {isa = PBXBuildFile; fileRef = 560836071C20376000D6E017 /* AppDelegate.m */; };
		5608360E1C20376000D6E017 /* WhosNext.storyboard in Resources */ = {isa = PBXBuildFile; fileRef = 5608360C1C20376000D6E017 /* WhosNext.storyboard */; };
		560836101C20376000D6E017 /* Assets.xcassets in Resources */ = {isa = PBXBuildFile; fileRef = 5608360F1C20376000D6E017 /* Assets.xcassets */; };
		560836131C20376000D6E017 /* LaunchScreen.storyboard in Resources */ = {isa = PBXBuildFile; fileRef = 560836111C20376000D6E017 /* LaunchScreen.storyboard */; };
		5608361E1C20376000D6E017 /* Who_s_NextTests.m in Sources */ = {isa = PBXBuildFile; fileRef = 5608361D1C20376000D6E017 /* Who_s_NextTests.m */; };
		560836291C20376000D6E017 /* Who_s_NextUITests.m in Sources */ = {isa = PBXBuildFile; fileRef = 560836281C20376000D6E017 /* Who_s_NextUITests.m */; };
		5608363B1C2038A500D6E017 /* LoginController.m in Sources */ = {isa = PBXBuildFile; fileRef = 5608363A1C2038A500D6E017 /* LoginController.m */; };
		5695D0CC1C234F32003C3844 /* UIColor+WhosNext.m in Sources */ = {isa = PBXBuildFile; fileRef = 5695D0CB1C234F32003C3844 /* UIColor+WhosNext.m */; };
		5695D0D11C235178003C3844 /* UITextField+WhosNext.m in Sources */ = {isa = PBXBuildFile; fileRef = 5695D0D01C235178003C3844 /* UITextField+WhosNext.m */; };
		56D576C91C2309F6003DEE70 /* User.m in Sources */ = {isa = PBXBuildFile; fileRef = 56D576C81C2309F6003DEE70 /* User.m */; };
		56D576CE1C230C17003DEE70 /* WhosNextApiStore.m in Sources */ = {isa = PBXBuildFile; fileRef = 56D576CD1C230C17003DEE70 /* WhosNextApiStore.m */; };
		5BEA2E0DF30248B5023E9607 /* libPods.a in Frameworks */ = {isa = PBXBuildFile; fileRef = 6E4AA392840CFEE980F4C7A7 /* libPods.a */; };
/* End PBXBuildFile section */

/* Begin PBXContainerItemProxy section */
		5608361A1C20376000D6E017 /* PBXContainerItemProxy */ = {
			isa = PBXContainerItemProxy;
			containerPortal = 560835F81C20376000D6E017 /* Project object */;
			proxyType = 1;
			remoteGlobalIDString = 560835FF1C20376000D6E017;
			remoteInfo = "Who's Next";
		};
		560836251C20376000D6E017 /* PBXContainerItemProxy */ = {
			isa = PBXContainerItemProxy;
			containerPortal = 560835F81C20376000D6E017 /* Project object */;
			proxyType = 1;
			remoteGlobalIDString = 560835FF1C20376000D6E017;
			remoteInfo = "Who's Next";
		};
/* End PBXContainerItemProxy section */

/* Begin PBXFileReference section */
		2F1352C91C2736780044435C /* ViewGroupController.h */ = {isa = PBXFileReference; fileEncoding = 4; lastKnownFileType = sourcecode.c.h; name = ViewGroupController.h; path = "../../../WhoseNextIosJulien/Who's Next/classes/ViewGroupController.h"; sourceTree = "<group>"; };
		2F1352CA1C2736780044435C /* ViewGroupController.m */ = {isa = PBXFileReference; fileEncoding = 4; lastKnownFileType = sourcecode.c.objc; name = ViewGroupController.m; path = "../../../WhoseNextIosJulien/Who's Next/classes/ViewGroupController.m"; sourceTree = "<group>"; };
		2F1352CE1C2736A20044435C /* CustomCellTableViewCell.h */ = {isa = PBXFileReference; fileEncoding = 4; lastKnownFileType = sourcecode.c.h; name = CustomCellTableViewCell.h; path = classes/CustomCellTableViewCell.h; sourceTree = "<group>"; };
		2F1352CF1C2736A20044435C /* CustomCellTableViewCell.m */ = {isa = PBXFileReference; fileEncoding = 4; lastKnownFileType = sourcecode.c.objc; name = CustomCellTableViewCell.m; path = classes/CustomCellTableViewCell.m; sourceTree = "<group>"; };
		2F1352D01C2736A20044435C /* CustomCellTableViewCell.xib */ = {isa = PBXFileReference; fileEncoding = 4; lastKnownFileType = file.xib; name = CustomCellTableViewCell.xib; path = classes/CustomCellTableViewCell.xib; sourceTree = "<group>"; };
		560836001C20376000D6E017 /* Who's Next.app */ = {isa = PBXFileReference; explicitFileType = wrapper.application; includeInIndex = 0; path = "Who's Next.app"; sourceTree = BUILT_PRODUCTS_DIR; };
		560836041C20376000D6E017 /* main.m */ = {isa = PBXFileReference; lastKnownFileType = sourcecode.c.objc; path = main.m; sourceTree = "<group>"; };
		560836061C20376000D6E017 /* AppDelegate.h */ = {isa = PBXFileReference; lastKnownFileType = sourcecode.c.h; path = AppDelegate.h; sourceTree = "<group>"; };
		560836071C20376000D6E017 /* AppDelegate.m */ = {isa = PBXFileReference; lastKnownFileType = sourcecode.c.objc; path = AppDelegate.m; sourceTree = "<group>"; };
		5608360D1C20376000D6E017 /* Base */ = {isa = PBXFileReference; lastKnownFileType = file.storyboard; name = Base; path = Base.lproj/WhosNext.storyboard; sourceTree = "<group>"; };
		5608360F1C20376000D6E017 /* Assets.xcassets */ = {isa = PBXFileReference; lastKnownFileType = folder.assetcatalog; path = Assets.xcassets; sourceTree = "<group>"; };
		560836121C20376000D6E017 /* Base */ = {isa = PBXFileReference; lastKnownFileType = file.storyboard; name = Base; path = Base.lproj/LaunchScreen.storyboard; sourceTree = "<group>"; };
		560836141C20376000D6E017 /* Info.plist */ = {isa = PBXFileReference; lastKnownFileType = text.plist.xml; path = Info.plist; sourceTree = "<group>"; };
		560836191C20376000D6E017 /* Who's NextTests.xctest */ = {isa = PBXFileReference; explicitFileType = wrapper.cfbundle; includeInIndex = 0; path = "Who's NextTests.xctest"; sourceTree = BUILT_PRODUCTS_DIR; };
		5608361D1C20376000D6E017 /* Who_s_NextTests.m */ = {isa = PBXFileReference; lastKnownFileType = sourcecode.c.objc; path = Who_s_NextTests.m; sourceTree = "<group>"; };
		5608361F1C20376000D6E017 /* Info.plist */ = {isa = PBXFileReference; lastKnownFileType = text.plist.xml; path = Info.plist; sourceTree = "<group>"; };
		560836241C20376000D6E017 /* Who's NextUITests.xctest */ = {isa = PBXFileReference; explicitFileType = wrapper.cfbundle; includeInIndex = 0; path = "Who's NextUITests.xctest"; sourceTree = BUILT_PRODUCTS_DIR; };
		560836281C20376000D6E017 /* Who_s_NextUITests.m */ = {isa = PBXFileReference; lastKnownFileType = sourcecode.c.objc; path = Who_s_NextUITests.m; sourceTree = "<group>"; };
		5608362A1C20376000D6E017 /* Info.plist */ = {isa = PBXFileReference; lastKnownFileType = text.plist.xml; path = Info.plist; sourceTree = "<group>"; };
		560836391C2038A500D6E017 /* LoginController.h */ = {isa = PBXFileReference; fileEncoding = 4; lastKnownFileType = sourcecode.c.h; name = LoginController.h; path = classes/LoginController.h; sourceTree = "<group>"; };
		5608363A1C2038A500D6E017 /* LoginController.m */ = {isa = PBXFileReference; fileEncoding = 4; lastKnownFileType = sourcecode.c.objc; name = LoginController.m; path = classes/LoginController.m; sourceTree = "<group>"; };
		5695D0CA1C234F32003C3844 /* UIColor+WhosNext.h */ = {isa = PBXFileReference; fileEncoding = 4; lastKnownFileType = sourcecode.c.h; name = "UIColor+WhosNext.h"; path = "classes/UIColor+WhosNext.h"; sourceTree = "<group>"; };
		5695D0CB1C234F32003C3844 /* UIColor+WhosNext.m */ = {isa = PBXFileReference; fileEncoding = 4; lastKnownFileType = sourcecode.c.objc; name = "UIColor+WhosNext.m"; path = "classes/UIColor+WhosNext.m"; sourceTree = "<group>"; };
		5695D0CF1C235178003C3844 /* UITextField+WhosNext.h */ = {isa = PBXFileReference; fileEncoding = 4; lastKnownFileType = sourcecode.c.h; name = "UITextField+WhosNext.h"; path = "classes/UITextField+WhosNext.h"; sourceTree = "<group>"; };
		5695D0D01C235178003C3844 /* UITextField+WhosNext.m */ = {isa = PBXFileReference; fileEncoding = 4; lastKnownFileType = sourcecode.c.objc; name = "UITextField+WhosNext.m"; path = "classes/UITextField+WhosNext.m"; sourceTree = "<group>"; };
		56D576C71C2309F6003DEE70 /* User.h */ = {isa = PBXFileReference; fileEncoding = 4; lastKnownFileType = sourcecode.c.h; name = User.h; path = classes/User.h; sourceTree = "<group>"; };
		56D576C81C2309F6003DEE70 /* User.m */ = {isa = PBXFileReference; fileEncoding = 4; lastKnownFileType = sourcecode.c.objc; name = User.m; path = classes/User.m; sourceTree = "<group>"; };
		56D576CC1C230C17003DEE70 /* WhosNextApiStore.h */ = {isa = PBXFileReference; fileEncoding = 4; lastKnownFileType = sourcecode.c.h; name = WhosNextApiStore.h; path = classes/WhosNextApiStore.h; sourceTree = "<group>"; };
		56D576CD1C230C17003DEE70 /* WhosNextApiStore.m */ = {isa = PBXFileReference; fileEncoding = 4; lastKnownFileType = sourcecode.c.objc; name = WhosNextApiStore.m; path = classes/WhosNextApiStore.m; sourceTree = "<group>"; };
		56D576D11C230CAA003DEE70 /* SingletonClass.h */ = {isa = PBXFileReference; fileEncoding = 4; lastKnownFileType = sourcecode.c.h; name = SingletonClass.h; path = classes/SingletonClass.h; sourceTree = "<group>"; };
		6E4AA392840CFEE980F4C7A7 /* libPods.a */ = {isa = PBXFileReference; explicitFileType = archive.ar; includeInIndex = 0; path = libPods.a; sourceTree = BUILT_PRODUCTS_DIR; };
		7B3FDDE6272B934C5F820C53 /* Pods.release.xcconfig */ = {isa = PBXFileReference; includeInIndex = 1; lastKnownFileType = text.xcconfig; name = Pods.release.xcconfig; path = "Pods/Target Support Files/Pods/Pods.release.xcconfig"; sourceTree = "<group>"; };
		BD2C643CAA71C0CA9D37FFF7 /* Pods.debug.xcconfig */ = {isa = PBXFileReference; includeInIndex = 1; lastKnownFileType = text.xcconfig; name = Pods.debug.xcconfig; path = "Pods/Target Support Files/Pods/Pods.debug.xcconfig"; sourceTree = "<group>"; };
/* End PBXFileReference section */

/* Begin PBXFrameworksBuildPhase section */
		560835FD1C20376000D6E017 /* Frameworks */ = {
			isa = PBXFrameworksBuildPhase;
			buildActionMask = 2147483647;
			files = (
				5BEA2E0DF30248B5023E9607 /* libPods.a in Frameworks */,
			);
			runOnlyForDeploymentPostprocessing = 0;
		};
		560836161C20376000D6E017 /* Frameworks */ = {
			isa = PBXFrameworksBuildPhase;
			buildActionMask = 2147483647;
			files = (
			);
			runOnlyForDeploymentPostprocessing = 0;
		};
		560836211C20376000D6E017 /* Frameworks */ = {
			isa = PBXFrameworksBuildPhase;
			buildActionMask = 2147483647;
			files = (
			);
			runOnlyForDeploymentPostprocessing = 0;
		};
/* End PBXFrameworksBuildPhase section */

/* Begin PBXGroup section */
		2F1352C81C2736550044435C /* ViewGroup Controller */ = {
			isa = PBXGroup;
			children = (
				2F1352CC1C2736870044435C /* CustomCell */,
				2F1352C91C2736780044435C /* ViewGroupController.h */,
				2F1352CA1C2736780044435C /* ViewGroupController.m */,
			);
			name = "ViewGroup Controller";
			sourceTree = "<group>";
		};
		2F1352CC1C2736870044435C /* CustomCell */ = {
			isa = PBXGroup;
			children = (
				2F1352CE1C2736A20044435C /* CustomCellTableViewCell.h */,
				2F1352CF1C2736A20044435C /* CustomCellTableViewCell.m */,
				2F1352D01C2736A20044435C /* CustomCellTableViewCell.xib */,
			);
			name = CustomCell;
			sourceTree = "<group>";
		};
		560835F71C20376000D6E017 = {
			isa = PBXGroup;
			children = (
				560836021C20376000D6E017 /* Who's Next */,
				560836031C20376000D6E017 /* Supporting Files */,
				5608361C1C20376000D6E017 /* Who's NextTests */,
				560836271C20376000D6E017 /* Who's NextUITests */,
				560836011C20376000D6E017 /* Products */,
				5D0BA6A7B698C4B9B688B69C /* Pods */,
				C9907AF1912F5F7E1C480648 /* Frameworks */,
			);
			sourceTree = "<group>";
		};
		560836011C20376000D6E017 /* Products */ = {
			isa = PBXGroup;
			children = (
				560836001C20376000D6E017 /* Who's Next.app */,
				560836191C20376000D6E017 /* Who's NextTests.xctest */,
				560836241C20376000D6E017 /* Who's NextUITests.xctest */,
			);
			name = Products;
			sourceTree = "<group>";
		};
		560836021C20376000D6E017 /* Who's Next */ = {
			isa = PBXGroup;
			children = (
				56D576C21C230791003DEE70 /* Model */,
				560836361C2037D300D6E017 /* Screen */,
				560836061C20376000D6E017 /* AppDelegate.h */,
				560836071C20376000D6E017 /* AppDelegate.m */,
			);
			path = "Who's Next";
			sourceTree = "<group>";
		};
		560836031C20376000D6E017 /* Supporting Files */ = {
			isa = PBXGroup;
			children = (
				5608360F1C20376000D6E017 /* Assets.xcassets */,
				560836141C20376000D6E017 /* Info.plist */,
				560836041C20376000D6E017 /* main.m */,
			);
			name = "Supporting Files";
			path = "Who's Next";
			sourceTree = "<group>";
		};
		5608361C1C20376000D6E017 /* Who's NextTests */ = {
			isa = PBXGroup;
			children = (
				5608361D1C20376000D6E017 /* Who_s_NextTests.m */,
				5608361F1C20376000D6E017 /* Info.plist */,
			);
			path = "Who's NextTests";
			sourceTree = "<group>";
		};
		560836271C20376000D6E017 /* Who's NextUITests */ = {
			isa = PBXGroup;
			children = (
				560836281C20376000D6E017 /* Who_s_NextUITests.m */,
				5608362A1C20376000D6E017 /* Info.plist */,
			);
			path = "Who's NextUITests";
			sourceTree = "<group>";
		};
		560836361C2037D300D6E017 /* Screen */ = {
			isa = PBXGroup;
			children = (
				2F1352C81C2736550044435C /* ViewGroup Controller */,
				5695D0C51C234D6A003C3844 /* Misc */,
				560836381C2037E500D6E017 /* Login Controller */,
				560836371C2037D900D6E017 /* Storyboards */,
			);
			name = Screen;
			sourceTree = "<group>";
		};
		560836371C2037D900D6E017 /* Storyboards */ = {
			isa = PBXGroup;
			children = (
				5608360C1C20376000D6E017 /* WhosNext.storyboard */,
				560836111C20376000D6E017 /* LaunchScreen.storyboard */,
			);
			name = Storyboards;
			sourceTree = "<group>";
		};
		560836381C2037E500D6E017 /* Login Controller */ = {
			isa = PBXGroup;
			children = (
				560836391C2038A500D6E017 /* LoginController.h */,
				5608363A1C2038A500D6E017 /* LoginController.m */,
			);
			name = "Login Controller";
			sourceTree = "<group>";
		};
		5695D0C51C234D6A003C3844 /* Misc */ = {
			isa = PBXGroup;
			children = (
				5695D0C61C234D6F003C3844 /* Design */,
			);
			name = Misc;
			sourceTree = "<group>";
		};
		5695D0C61C234D6F003C3844 /* Design */ = {
			isa = PBXGroup;
			children = (
				5695D0CE1C235153003C3844 /* text field */,
				5695D0CD1C23514B003C3844 /* Color */,
			);
			name = Design;
			sourceTree = "<group>";
		};
		5695D0CD1C23514B003C3844 /* Color */ = {
			isa = PBXGroup;
			children = (
				5695D0CA1C234F32003C3844 /* UIColor+WhosNext.h */,
				5695D0CB1C234F32003C3844 /* UIColor+WhosNext.m */,
			);
			name = Color;
			sourceTree = "<group>";
		};
		5695D0CE1C235153003C3844 /* text field */ = {
			isa = PBXGroup;
			children = (
				5695D0CF1C235178003C3844 /* UITextField+WhosNext.h */,
				5695D0D01C235178003C3844 /* UITextField+WhosNext.m */,
			);
			name = "text field";
			sourceTree = "<group>";
		};
		56D576C21C230791003DEE70 /* Model */ = {
			isa = PBXGroup;
			children = (
				56D576CF1C230C45003DEE70 /* Misc */,
				56D576C31C230798003DEE70 /* Domain */,
				56D576C41C2307A3003DEE70 /* Managers */,
				56D576C51C2307AC003DEE70 /* Stores */,
			);
			name = Model;
			sourceTree = "<group>";
		};
		56D576C31C230798003DEE70 /* Domain */ = {
			isa = PBXGroup;
			children = (
				56D576C61C2307C3003DEE70 /* User */,
			);
			name = Domain;
			sourceTree = "<group>";
		};
		56D576C41C2307A3003DEE70 /* Managers */ = {
			isa = PBXGroup;
			children = (
				56D576CA1C230BCF003DEE70 /* Group Manager */,
			);
			name = Managers;
			sourceTree = "<group>";
		};
		56D576C51C2307AC003DEE70 /* Stores */ = {
			isa = PBXGroup;
			children = (
				56D576CB1C230BE4003DEE70 /* Whos Next Api Store */,
			);
			name = Stores;
			sourceTree = "<group>";
		};
		56D576C61C2307C3003DEE70 /* User */ = {
			isa = PBXGroup;
			children = (
				56D576C71C2309F6003DEE70 /* User.h */,
				56D576C81C2309F6003DEE70 /* User.m */,
			);
			name = User;
			sourceTree = "<group>";
		};
		56D576CA1C230BCF003DEE70 /* Group Manager */ = {
			isa = PBXGroup;
			children = (
			);
			name = "Group Manager";
			sourceTree = "<group>";
		};
		56D576CB1C230BE4003DEE70 /* Whos Next Api Store */ = {
			isa = PBXGroup;
			children = (
				56D576CC1C230C17003DEE70 /* WhosNextApiStore.h */,
				56D576CD1C230C17003DEE70 /* WhosNextApiStore.m */,
			);
			name = "Whos Next Api Store";
			sourceTree = "<group>";
		};
		56D576CF1C230C45003DEE70 /* Misc */ = {
			isa = PBXGroup;
			children = (
				56D576D01C230C50003DEE70 /* Macro */,
			);
			name = Misc;
			sourceTree = "<group>";
		};
		56D576D01C230C50003DEE70 /* Macro */ = {
			isa = PBXGroup;
			children = (
				56D576D11C230CAA003DEE70 /* SingletonClass.h */,
			);
			name = Macro;
			sourceTree = "<group>";
		};
		5D0BA6A7B698C4B9B688B69C /* Pods */ = {
			isa = PBXGroup;
			children = (
				BD2C643CAA71C0CA9D37FFF7 /* Pods.debug.xcconfig */,
				7B3FDDE6272B934C5F820C53 /* Pods.release.xcconfig */,
			);
			name = Pods;
			sourceTree = "<group>";
		};
		C9907AF1912F5F7E1C480648 /* Frameworks */ = {
			isa = PBXGroup;
			children = (
				6E4AA392840CFEE980F4C7A7 /* libPods.a */,
			);
			name = Frameworks;
			sourceTree = "<group>";
		};
/* End PBXGroup section */

/* Begin PBXNativeTarget section */
		560835FF1C20376000D6E017 /* Who's Next */ = {
			isa = PBXNativeTarget;
			buildConfigurationList = 5608362D1C20376000D6E017 /* Build configuration list for PBXNativeTarget "Who's Next" */;
			buildPhases = (
				97A1C309ED8DE372223E4817 /* Check Pods Manifest.lock */,
				560835FC1C20376000D6E017 /* Sources */,
				560835FD1C20376000D6E017 /* Frameworks */,
				560835FE1C20376000D6E017 /* Resources */,
				67A39E2E4B6432125AE0ADAB /* Embed Pods Frameworks */,
				A15A7210468F43EDACC143BB /* Copy Pods Resources */,
			);
			buildRules = (
			);
			dependencies = (
			);
			name = "Who's Next";
			productName = "Who's Next";
			productReference = 560836001C20376000D6E017 /* Who's Next.app */;
			productType = "com.apple.product-type.application";
		};
		560836181C20376000D6E017 /* Who's NextTests */ = {
			isa = PBXNativeTarget;
			buildConfigurationList = 560836301C20376000D6E017 /* Build configuration list for PBXNativeTarget "Who's NextTests" */;
			buildPhases = (
				560836151C20376000D6E017 /* Sources */,
				560836161C20376000D6E017 /* Frameworks */,
				560836171C20376000D6E017 /* Resources */,
			);
			buildRules = (
			);
			dependencies = (
				5608361B1C20376000D6E017 /* PBXTargetDependency */,
			);
			name = "Who's NextTests";
			productName = "Who's NextTests";
			productReference = 560836191C20376000D6E017 /* Who's NextTests.xctest */;
			productType = "com.apple.product-type.bundle.unit-test";
		};
		560836231C20376000D6E017 /* Who's NextUITests */ = {
			isa = PBXNativeTarget;
			buildConfigurationList = 560836331C20376000D6E017 /* Build configuration list for PBXNativeTarget "Who's NextUITests" */;
			buildPhases = (
				560836201C20376000D6E017 /* Sources */,
				560836211C20376000D6E017 /* Frameworks */,
				560836221C20376000D6E017 /* Resources */,
			);
			buildRules = (
			);
			dependencies = (
				560836261C20376000D6E017 /* PBXTargetDependency */,
			);
			name = "Who's NextUITests";
			productName = "Who's NextUITests";
			productReference = 560836241C20376000D6E017 /* Who's NextUITests.xctest */;
			productType = "com.apple.product-type.bundle.ui-testing";
		};
/* End PBXNativeTarget section */

/* Begin PBXProject section */
		560835F81C20376000D6E017 /* Project object */ = {
			isa = PBXProject;
			attributes = {
				LastUpgradeCheck = 0720;
				ORGANIZATIONNAME = "Mobile Factory";
				TargetAttributes = {
					560835FF1C20376000D6E017 = {
						CreatedOnToolsVersion = 7.2;
					};
					560836181C20376000D6E017 = {
						CreatedOnToolsVersion = 7.2;
						TestTargetID = 560835FF1C20376000D6E017;
					};
					560836231C20376000D6E017 = {
						CreatedOnToolsVersion = 7.2;
						TestTargetID = 560835FF1C20376000D6E017;
					};
				};
			};
			buildConfigurationList = 560835FB1C20376000D6E017 /* Build configuration list for PBXProject "Who's Next" */;
			compatibilityVersion = "Xcode 3.2";
			developmentRegion = English;
			hasScannedForEncodings = 0;
			knownRegions = (
				en,
				Base,
			);
			mainGroup = 560835F71C20376000D6E017;
			productRefGroup = 560836011C20376000D6E017 /* Products */;
			projectDirPath = "";
			projectRoot = "";
			targets = (
				560835FF1C20376000D6E017 /* Who's Next */,
				560836181C20376000D6E017 /* Who's NextTests */,
				560836231C20376000D6E017 /* Who's NextUITests */,
			);
		};
/* End PBXProject section */

/* Begin PBXResourcesBuildPhase section */
		560835FE1C20376000D6E017 /* Resources */ = {
			isa = PBXResourcesBuildPhase;
			buildActionMask = 2147483647;
			files = (
				560836131C20376000D6E017 /* LaunchScreen.storyboard in Resources */,
				560836101C20376000D6E017 /* Assets.xcassets in Resources */,
				2F1352D21C2736A20044435C /* CustomCellTableViewCell.xib in Resources */,
				5608360E1C20376000D6E017 /* WhosNext.storyboard in Resources */,
			);
			runOnlyForDeploymentPostprocessing = 0;
		};
		560836171C20376000D6E017 /* Resources */ = {
			isa = PBXResourcesBuildPhase;
			buildActionMask = 2147483647;
			files = (
			);
			runOnlyForDeploymentPostprocessing = 0;
		};
		560836221C20376000D6E017 /* Resources */ = {
			isa = PBXResourcesBuildPhase;
			buildActionMask = 2147483647;
			files = (
			);
			runOnlyForDeploymentPostprocessing = 0;
		};
/* End PBXResourcesBuildPhase section */

/* Begin PBXShellScriptBuildPhase section */
		67A39E2E4B6432125AE0ADAB /* Embed Pods Frameworks */ = {
			isa = PBXShellScriptBuildPhase;
			buildActionMask = 2147483647;
			files = (
			);
			inputPaths = (
			);
			name = "Embed Pods Frameworks";
			outputPaths = (
			);
			runOnlyForDeploymentPostprocessing = 0;
			shellPath = /bin/sh;
			shellScript = "\"${SRCROOT}/Pods/Target Support Files/Pods/Pods-frameworks.sh\"\n";
			showEnvVarsInLog = 0;
		};
		97A1C309ED8DE372223E4817 /* Check Pods Manifest.lock */ = {
			isa = PBXShellScriptBuildPhase;
			buildActionMask = 2147483647;
			files = (
			);
			inputPaths = (
			);
			name = "Check Pods Manifest.lock";
			outputPaths = (
			);
			runOnlyForDeploymentPostprocessing = 0;
			shellPath = /bin/sh;
			shellScript = "diff \"${PODS_ROOT}/../Podfile.lock\" \"${PODS_ROOT}/Manifest.lock\" > /dev/null\nif [[ $? != 0 ]] ; then\n    cat << EOM\nerror: The sandbox is not in sync with the Podfile.lock. Run 'pod install' or update your CocoaPods installation.\nEOM\n    exit 1\nfi\n";
			showEnvVarsInLog = 0;
		};
		A15A7210468F43EDACC143BB /* Copy Pods Resources */ = {
			isa = PBXShellScriptBuildPhase;
			buildActionMask = 2147483647;
			files = (
			);
			inputPaths = (
			);
			name = "Copy Pods Resources";
			outputPaths = (
			);
			runOnlyForDeploymentPostprocessing = 0;
			shellPath = /bin/sh;
			shellScript = "\"${SRCROOT}/Pods/Target Support Files/Pods/Pods-resources.sh\"\n";
			showEnvVarsInLog = 0;
		};
/* End PBXShellScriptBuildPhase section */

/* Begin PBXSourcesBuildPhase section */
		560835FC1C20376000D6E017 /* Sources */ = {
			isa = PBXSourcesBuildPhase;
			buildActionMask = 2147483647;
			files = (
				56D576CE1C230C17003DEE70 /* WhosNextApiStore.m in Sources */,
				5695D0D11C235178003C3844 /* UITextField+WhosNext.m in Sources */,
				2F1352D11C2736A20044435C /* CustomCellTableViewCell.m in Sources */,
				5695D0CC1C234F32003C3844 /* UIColor+WhosNext.m in Sources */,
				56D576C91C2309F6003DEE70 /* User.m in Sources */,
				2F1352CB1C2736780044435C /* ViewGroupController.m in Sources */,
				560836081C20376000D6E017 /* AppDelegate.m in Sources */,
				560836051C20376000D6E017 /* main.m in Sources */,
				5608363B1C2038A500D6E017 /* LoginController.m in Sources */,
			);
			runOnlyForDeploymentPostprocessing = 0;
		};
		560836151C20376000D6E017 /* Sources */ = {
			isa = PBXSourcesBuildPhase;
			buildActionMask = 2147483647;
			files = (
				5608361E1C20376000D6E017 /* Who_s_NextTests.m in Sources */,
			);
			runOnlyForDeploymentPostprocessing = 0;
		};
		560836201C20376000D6E017 /* Sources */ = {
			isa = PBXSourcesBuildPhase;
			buildActionMask = 2147483647;
			files = (
				560836291C20376000D6E017 /* Who_s_NextUITests.m in Sources */,
			);
			runOnlyForDeploymentPostprocessing = 0;
		};
/* End PBXSourcesBuildPhase section */

/* Begin PBXTargetDependency section */
		5608361B1C20376000D6E017 /* PBXTargetDependency */ = {
			isa = PBXTargetDependency;
			target = 560835FF1C20376000D6E017 /* Who's Next */;
			targetProxy = 5608361A1C20376000D6E017 /* PBXContainerItemProxy */;
		};
		560836261C20376000D6E017 /* PBXTargetDependency */ = {
			isa = PBXTargetDependency;
			target = 560835FF1C20376000D6E017 /* Who's Next */;
			targetProxy = 560836251C20376000D6E017 /* PBXContainerItemProxy */;
		};
/* End PBXTargetDependency section */

/* Begin PBXVariantGroup section */
		5608360C1C20376000D6E017 /* WhosNext.storyboard */ = {
			isa = PBXVariantGroup;
			children = (
				5608360D1C20376000D6E017 /* Base */,
			);
			name = WhosNext.storyboard;
			sourceTree = "<group>";
		};
		560836111C20376000D6E017 /* LaunchScreen.storyboard */ = {
			isa = PBXVariantGroup;
			children = (
				560836121C20376000D6E017 /* Base */,
			);
			name = LaunchScreen.storyboard;
			sourceTree = "<group>";
		};
/* End PBXVariantGroup section */

/* Begin XCBuildConfiguration section */
		5608362B1C20376000D6E017 /* Debug */ = {
			isa = XCBuildConfiguration;
			buildSettings = {
				ALWAYS_SEARCH_USER_PATHS = NO;
				CLANG_CXX_LANGUAGE_STANDARD = "gnu++0x";
				CLANG_CXX_LIBRARY = "libc++";
				CLANG_ENABLE_MODULES = YES;
				CLANG_ENABLE_OBJC_ARC = YES;
				CLANG_WARN_BOOL_CONVERSION = YES;
				CLANG_WARN_CONSTANT_CONVERSION = YES;
				CLANG_WARN_DIRECT_OBJC_ISA_USAGE = YES_ERROR;
				CLANG_WARN_EMPTY_BODY = YES;
				CLANG_WARN_ENUM_CONVERSION = YES;
				CLANG_WARN_INT_CONVERSION = YES;
				CLANG_WARN_OBJC_ROOT_CLASS = YES_ERROR;
				CLANG_WARN_UNREACHABLE_CODE = YES;
				CLANG_WARN__DUPLICATE_METHOD_MATCH = YES;
				"CODE_SIGN_IDENTITY[sdk=iphoneos*]" = "iPhone Developer";
				COPY_PHASE_STRIP = NO;
				DEBUG_INFORMATION_FORMAT = dwarf;
				ENABLE_STRICT_OBJC_MSGSEND = YES;
				ENABLE_TESTABILITY = YES;
				GCC_C_LANGUAGE_STANDARD = gnu99;
				GCC_DYNAMIC_NO_PIC = NO;
				GCC_NO_COMMON_BLOCKS = YES;
				GCC_OPTIMIZATION_LEVEL = 0;
				GCC_PREPROCESSOR_DEFINITIONS = (
					"DEBUG=1",
					"$(inherited)",
				);
				GCC_WARN_64_TO_32_BIT_CONVERSION = YES;
				GCC_WARN_ABOUT_RETURN_TYPE = YES_ERROR;
				GCC_WARN_UNDECLARED_SELECTOR = YES;
				GCC_WARN_UNINITIALIZED_AUTOS = YES_AGGRESSIVE;
				GCC_WARN_UNUSED_FUNCTION = YES;
				GCC_WARN_UNUSED_VARIABLE = YES;
				IPHONEOS_DEPLOYMENT_TARGET = 9.2;
				MTL_ENABLE_DEBUG_INFO = YES;
				ONLY_ACTIVE_ARCH = YES;
				SDKROOT = iphoneos;
			};
			name = Debug;
		};
		5608362C1C20376000D6E017 /* Release */ = {
			isa = XCBuildConfiguration;
			buildSettings = {
				ALWAYS_SEARCH_USER_PATHS = NO;
				CLANG_CXX_LANGUAGE_STANDARD = "gnu++0x";
				CLANG_CXX_LIBRARY = "libc++";
				CLANG_ENABLE_MODULES = YES;
				CLANG_ENABLE_OBJC_ARC = YES;
				CLANG_WARN_BOOL_CONVERSION = YES;
				CLANG_WARN_CONSTANT_CONVERSION = YES;
				CLANG_WARN_DIRECT_OBJC_ISA_USAGE = YES_ERROR;
				CLANG_WARN_EMPTY_BODY = YES;
				CLANG_WARN_ENUM_CONVERSION = YES;
				CLANG_WARN_INT_CONVERSION = YES;
				CLANG_WARN_OBJC_ROOT_CLASS = YES_ERROR;
				CLANG_WARN_UNREACHABLE_CODE = YES;
				CLANG_WARN__DUPLICATE_METHOD_MATCH = YES;
				"CODE_SIGN_IDENTITY[sdk=iphoneos*]" = "iPhone Developer";
				COPY_PHASE_STRIP = NO;
				DEBUG_INFORMATION_FORMAT = "dwarf-with-dsym";
				ENABLE_NS_ASSERTIONS = NO;
				ENABLE_STRICT_OBJC_MSGSEND = YES;
				GCC_C_LANGUAGE_STANDARD = gnu99;
				GCC_NO_COMMON_BLOCKS = YES;
				GCC_WARN_64_TO_32_BIT_CONVERSION = YES;
				GCC_WARN_ABOUT_RETURN_TYPE = YES_ERROR;
				GCC_WARN_UNDECLARED_SELECTOR = YES;
				GCC_WARN_UNINITIALIZED_AUTOS = YES_AGGRESSIVE;
				GCC_WARN_UNUSED_FUNCTION = YES;
				GCC_WARN_UNUSED_VARIABLE = YES;
				IPHONEOS_DEPLOYMENT_TARGET = 9.2;
				MTL_ENABLE_DEBUG_INFO = NO;
				SDKROOT = iphoneos;
				VALIDATE_PRODUCT = YES;
			};
			name = Release;
		};
		5608362E1C20376000D6E017 /* Debug */ = {
			isa = XCBuildConfiguration;
			baseConfigurationReference = BD2C643CAA71C0CA9D37FFF7 /* Pods.debug.xcconfig */;
			buildSettings = {
				ASSETCATALOG_COMPILER_APPICON_NAME = AppIcon;
				INFOPLIST_FILE = "Who's Next/Info.plist";
				IPHONEOS_DEPLOYMENT_TARGET = 8.0;
				LD_RUNPATH_SEARCH_PATHS = "$(inherited) @executable_path/Frameworks";
				PRODUCT_BUNDLE_IDENTIFIER = "com.mobilefactory.Who-s-Next";
				PRODUCT_NAME = "$(TARGET_NAME)";
			};
			name = Debug;
		};
		5608362F1C20376000D6E017 /* Release */ = {
			isa = XCBuildConfiguration;
			baseConfigurationReference = 7B3FDDE6272B934C5F820C53 /* Pods.release.xcconfig */;
			buildSettings = {
				ASSETCATALOG_COMPILER_APPICON_NAME = AppIcon;
				INFOPLIST_FILE = "Who's Next/Info.plist";
				IPHONEOS_DEPLOYMENT_TARGET = 8.0;
				LD_RUNPATH_SEARCH_PATHS = "$(inherited) @executable_path/Frameworks";
				PRODUCT_BUNDLE_IDENTIFIER = "com.mobilefactory.Who-s-Next";
				PRODUCT_NAME = "$(TARGET_NAME)";
			};
			name = Release;
		};
		560836311C20376000D6E017 /* Debug */ = {
			isa = XCBuildConfiguration;
			buildSettings = {
				BUNDLE_LOADER = "$(TEST_HOST)";
				INFOPLIST_FILE = "Who's NextTests/Info.plist";
				LD_RUNPATH_SEARCH_PATHS = "$(inherited) @executable_path/Frameworks @loader_path/Frameworks";
				PRODUCT_BUNDLE_IDENTIFIER = "com.mobilefactory.Who-s-NextTests";
				PRODUCT_NAME = "$(TARGET_NAME)";
				TEST_HOST = "$(BUILT_PRODUCTS_DIR)/Who's Next.app/Who's Next";
			};
			name = Debug;
		};
		560836321C20376000D6E017 /* Release */ = {
			isa = XCBuildConfiguration;
			buildSettings = {
				BUNDLE_LOADER = "$(TEST_HOST)";
				INFOPLIST_FILE = "Who's NextTests/Info.plist";
				LD_RUNPATH_SEARCH_PATHS = "$(inherited) @executable_path/Frameworks @loader_path/Frameworks";
				PRODUCT_BUNDLE_IDENTIFIER = "com.mobilefactory.Who-s-NextTests";
				PRODUCT_NAME = "$(TARGET_NAME)";
				TEST_HOST = "$(BUILT_PRODUCTS_DIR)/Who's Next.app/Who's Next";
			};
			name = Release;
		};
		560836341C20376000D6E017 /* Debug */ = {
			isa = XCBuildConfiguration;
			buildSettings = {
				INFOPLIST_FILE = "Who's NextUITests/Info.plist";
				LD_RUNPATH_SEARCH_PATHS = "$(inherited) @executable_path/Frameworks @loader_path/Frameworks";
				PRODUCT_BUNDLE_IDENTIFIER = "com.mobilefactory.Who-s-NextUITests";
				PRODUCT_NAME = "$(TARGET_NAME)";
				TEST_TARGET_NAME = "Who's Next";
				USES_XCTRUNNER = YES;
			};
			name = Debug;
		};
		560836351C20376000D6E017 /* Release */ = {
			isa = XCBuildConfiguration;
			buildSettings = {
				INFOPLIST_FILE = "Who's NextUITests/Info.plist";
				LD_RUNPATH_SEARCH_PATHS = "$(inherited) @executable_path/Frameworks @loader_path/Frameworks";
				PRODUCT_BUNDLE_IDENTIFIER = "com.mobilefactory.Who-s-NextUITests";
				PRODUCT_NAME = "$(TARGET_NAME)";
				TEST_TARGET_NAME = "Who's Next";
				USES_XCTRUNNER = YES;
			};
			name = Release;
		};
/* End XCBuildConfiguration section */

/* Begin XCConfigurationList section */
		560835FB1C20376000D6E017 /* Build configuration list for PBXProject "Who's Next" */ = {
			isa = XCConfigurationList;
			buildConfigurations = (
				5608362B1C20376000D6E017 /* Debug */,
				5608362C1C20376000D6E017 /* Release */,
			);
			defaultConfigurationIsVisible = 0;
			defaultConfigurationName = Release;
		};
		5608362D1C20376000D6E017 /* Build configuration list for PBXNativeTarget "Who's Next" */ = {
			isa = XCConfigurationList;
			buildConfigurations = (
				5608362E1C20376000D6E017 /* Debug */,
				5608362F1C20376000D6E017 /* Release */,
			);
			defaultConfigurationIsVisible = 0;
			defaultConfigurationName = Release;
		};
		560836301C20376000D6E017 /* Build configuration list for PBXNativeTarget "Who's NextTests" */ = {
			isa = XCConfigurationList;
			buildConfigurations = (
				560836311C20376000D6E017 /* Debug */,
				560836321C20376000D6E017 /* Release */,
			);
			defaultConfigurationIsVisible = 0;
			defaultConfigurationName = Release;
		};
		560836331C20376000D6E017 /* Build configuration list for PBXNativeTarget "Who's NextUITests" */ = {
			isa = XCConfigurationList;
			buildConfigurations = (
				560836341C20376000D6E017 /* Debug */,
				560836351C20376000D6E017 /* Release */,
			);
			defaultConfigurationIsVisible = 0;
			defaultConfigurationName = Release;
		};
/* End XCConfigurationList section */
	};
	rootObject = 560835F81C20376000D6E017 /* Project object */;
}
