
Microsoft Visual Studio Solution File, Format Version 12.00
# Visual Studio 2012
Project("{FAE04EC0-301F-11D3-BF4B-00C04F79EFBC}") = "whosnext.iOS", "iOS\whosnext.iOS.csproj", "{699E492F-4100-4E43-AE0A-24C7E48E9A7B}"
EndProject
Project("{D954291E-2A0B-460D-934E-DC6B0785DB48}") = "whosnext", "whosnext\whosnext.shproj", "{8AF0D2DD-C5F6-4C93-BACC-AA61B5199038}"
EndProject
Global
	GlobalSection(SolutionConfigurationPlatforms) = preSolution
		Debug|iPhoneSimulator = Debug|iPhoneSimulator
		Release|iPhone = Release|iPhone
		Release|iPhoneSimulator = Release|iPhoneSimulator
		Debug|iPhone = Debug|iPhone
	EndGlobalSection
	GlobalSection(ProjectConfigurationPlatforms) = postSolution
		{699E492F-4100-4E43-AE0A-24C7E48E9A7B}.Debug|iPhone.ActiveCfg = Debug|iPhone
		{699E492F-4100-4E43-AE0A-24C7E48E9A7B}.Debug|iPhone.Build.0 = Debug|iPhone
		{699E492F-4100-4E43-AE0A-24C7E48E9A7B}.Debug|iPhoneSimulator.ActiveCfg = Debug|iPhoneSimulator
		{699E492F-4100-4E43-AE0A-24C7E48E9A7B}.Debug|iPhoneSimulator.Build.0 = Debug|iPhoneSimulator
		{699E492F-4100-4E43-AE0A-24C7E48E9A7B}.Release|iPhone.ActiveCfg = Release|iPhone
		{699E492F-4100-4E43-AE0A-24C7E48E9A7B}.Release|iPhone.Build.0 = Release|iPhone
		{699E492F-4100-4E43-AE0A-24C7E48E9A7B}.Release|iPhoneSimulator.ActiveCfg = Release|iPhoneSimulator
		{699E492F-4100-4E43-AE0A-24C7E48E9A7B}.Release|iPhoneSimulator.Build.0 = Release|iPhoneSimulator
	EndGlobalSection
EndGlobal
